
Microsoft Visual Studio Solution File, Format Version 12.00
# Visual Studio Version 17
VisualStudioVersion = 17.14.37411.7
MinimumVisualStudioVersion = 10.0.40219.1
Project("{FAE04EC0-301F-11D3-BF4B-00C04F79EFBC}") = "BasicSampleAPI", "BasicSampleAPI\BasicSampleAPI.csproj", "{47D600A9-9BEA-4BAE-A7EA-49FB50378AC0}"
EndProject
Project("{FAE04EC0-301F-11D3-BF4B-00C04F79EFBC}") = "BasicSampleUI", "BasicSampleUI\BasicSampleUI.csproj", "{CC22E64D-0F6E-4271-AF7B-BC13D64FA867}"
EndProject
Project("{FAE04EC0-301F-11D3-BF4B-00C04F79EFBC}") = "MinimalAPISample", "MinimalAPISample\MinimalAPISample.csproj", "{26580D8D-2B91-4DC5-96DB-C63574E7297C}"
EndProject
Project("{FAE04EC0-301F-11D3-BF4B-00C04F79EFBC}") = "ConnectToAPISample", "ConnectToAPISample\ConnectToAPISample.csproj", "{9C127E30-F5CB-4705-B66A-F29FE1BD4FD9}"
EndProject
Project("{FAE04EC0-301F-11D3-BF4B-00C04F79EFBC}") = "ConnectToAPISample2", "ConnectToAPISample2\ConnectToAPISample2.csproj", "{D4376482-4251-4A75-8834-3379224AC6E2}"
EndProject
Project("{FAE04EC0-301F-11D3-BF4B-00C04F79EFBC}") = "AsyncAPISample", "AsyncAPISample\AsyncAPISample.csproj", "{39786641-B6B1-4DC0-A5F2-61884651FD88}"
EndProject
Global
	GlobalSection(SolutionConfigurationPlatforms) = preSolution
		Debug|Any CPU = Debug|Any CPU
		Release|Any CPU = Release|Any CPU
	EndGlobalSection
	GlobalSection(ProjectConfigurationPlatforms) = postSolution
		{47D600A9-9BEA-4BAE-A7EA-49FB50378AC0}.Debug|Any CPU.ActiveCfg = Debug|Any CPU
		{47D600A9-9BEA-4BAE-A7EA-49FB50378AC0}.Debug|Any CPU.Build.0 = Debug|Any CPU
		{47D600A9-9BEA-4BAE-A7EA-49FB50378AC0}.Release|Any CPU.ActiveCfg = Release|Any CPU
		{47D600A9-9BEA-4BAE-A7EA-49FB50378AC0}.Release|Any CPU.Build.0 = Release|Any CPU
		{CC22E64D-0F6E-4271-AF7B-BC13D64FA867}.Debug|Any CPU.ActiveCfg = Debug|Any CPU
		{CC22E64D-0F6E-4271-AF7B-BC13D64FA867}.Debug|Any CPU.Build.0 = Debug|Any CPU
		{CC22E64D-0F6E-4271-AF7B-BC13D64FA867}.Release|Any CPU.ActiveCfg = Release|Any CPU
		{CC22E64D-0F6E-4271-AF7B-BC13D64FA867}.Release|Any CPU.Build.0 = Release|Any CPU
		{26580D8D-2B91-4DC5-96DB-C63574E7297C}.Debug|Any CPU.ActiveCfg = Debug|Any CPU
		{26580D8D-2B91-4DC5-96DB-C63574E7297C}.Debug|Any CPU.Build.0 = Debug|Any CPU
		{26580D8D-2B91-4DC5-96DB-C63574E7297C}.Release|Any CPU.ActiveCfg = Release|Any CPU
		{26580D8D-2B91-4DC5-96DB-C63574E7297C}.Release|Any CPU.Build.0 = Release|Any CPU
		{9C127E30-F5CB-4705-B66A-F29FE1BD4FD9}.Debug|Any CPU.ActiveCfg = Debug|Any CPU
		{9C127E30-F5CB-4705-B66A-F29FE1BD4FD9}.Debug|Any CPU.Build.0 = Debug|Any CPU
		{9C127E30-F5CB-4705-B66A-F29FE1BD4FD9}.Release|Any CPU.ActiveCfg = Release|Any CPU
		{9C127E30-F5CB-4705-B66A-F29FE1BD4FD9}.Release|Any CPU.Build.0 = Release|Any CPU
		{D4376482-4251-4A75-8834-3379224AC6E2}.Debug|Any CPU.ActiveCfg = Debug|Any CPU
		{D4376482-4251-4A75-8834-3379224AC6E2}.Debug|Any CPU.Build.0 = Debug|Any CPU
		{D4376482-4251-4A75-8834-3379224AC6E2}.Release|Any CPU.ActiveCfg = Release|Any CPU
		{D4376482-4251-4A75-8834-3379224AC6E2}.Release|Any CPU.Build.0 = Release|Any CPU
		{39786641-B6B1-4DC0-A5F2-61884651FD88}.Debug|Any CPU.ActiveCfg = Debug|Any CPU
		{39786641-B6B1-4DC0-A5F2-61884651FD88}.Debug|Any CPU.Build.0 = Debug|Any CPU
		{39786641-B6B1-4DC0-A5F2-61884651FD88}.Release|Any CPU.ActiveCfg = Release|Any CPU
		{39786641-B6B1-4DC0-A5F2-61884651FD88}.Release|Any CPU.Build.0 = Release|Any CPU
	EndGlobalSection
	GlobalSection(SolutionProperties) = preSolution
		HideSolutionNode = FALSE
	EndGlobalSection
	GlobalSection(ExtensibilityGlobals) = postSolution
		SolutionGuid = {0AF1A447-B312-48DF-8178-BF03366CD3A9}
	EndGlobalSection
EndGlobal
