
Microsoft Visual Studio Solution File, Format Version 12.00
# Visual Studio Version 17
VisualStudioVersion = 17.14.37411.7
MinimumVisualStudioVersion = 10.0.40219.1
Project("{FAE04EC0-301F-11D3-BF4B-00C04F79EFBC}") = "BasicSample", "BasicSample\BasicSample.csproj", "{E1AAB9C2-AF17-45EC-9D76-B25F73BB8854}"
EndProject
Project("{FAE04EC0-301F-11D3-BF4B-00C04F79EFBC}") = "ComponentsSample", "ComponentsSample\ComponentsSample.csproj", "{9736DC67-7C0B-4EB6-BC25-789336185B7E}"
EndProject
Project("{FAE04EC0-301F-11D3-BF4B-00C04F79EFBC}") = "ComponentsTechniquesSample", "ComponentsTechniquesSample\ComponentsTechniquesSample.csproj", "{6FC606DA-868F-4D7B-B99C-E40805BE9F50}"
EndProject
Project("{FAE04EC0-301F-11D3-BF4B-00C04F79EFBC}") = "RoutingSample", "RoutingSample\RoutingSample.csproj", "{6A2BCCE9-0111-4EF5-A3BB-DD0FDCE73AD3}"
EndProject
Project("{FAE04EC0-301F-11D3-BF4B-00C04F79EFBC}") = "FormsSample", "FormsSample\FormsSample.csproj", "{5C463021-AE59-443B-99B1-FF873A4E7C7D}"
EndProject
Project("{FAE04EC0-301F-11D3-BF4B-00C04F79EFBC}") = "ServerAppSample", "ServerAppSample\ServerAppSample.csproj", "{1C7262FC-C471-47A6-88FD-7F1D3D9C32B0}"
EndProject
Global
	GlobalSection(SolutionConfigurationPlatforms) = preSolution
		Debug|Any CPU = Debug|Any CPU
		Release|Any CPU = Release|Any CPU
	EndGlobalSection
	GlobalSection(ProjectConfigurationPlatforms) = postSolution
		{E1AAB9C2-AF17-45EC-9D76-B25F73BB8854}.Debug|Any CPU.ActiveCfg = Debug|Any CPU
		{E1AAB9C2-AF17-45EC-9D76-B25F73BB8854}.Debug|Any CPU.Build.0 = Debug|Any CPU
		{E1AAB9C2-AF17-45EC-9D76-B25F73BB8854}.Release|Any CPU.ActiveCfg = Release|Any CPU
		{E1AAB9C2-AF17-45EC-9D76-B25F73BB8854}.Release|Any CPU.Build.0 = Release|Any CPU
		{9736DC67-7C0B-4EB6-BC25-789336185B7E}.Debug|Any CPU.ActiveCfg = Debug|Any CPU
		{9736DC67-7C0B-4EB6-BC25-789336185B7E}.Debug|Any CPU.Build.0 = Debug|Any CPU
		{9736DC67-7C0B-4EB6-BC25-789336185B7E}.Release|Any CPU.ActiveCfg = Release|Any CPU
		{9736DC67-7C0B-4EB6-BC25-789336185B7E}.Release|Any CPU.Build.0 = Release|Any CPU
		{6FC606DA-868F-4D7B-B99C-E40805BE9F50}.Debug|Any CPU.ActiveCfg = Debug|Any CPU
		{6FC606DA-868F-4D7B-B99C-E40805BE9F50}.Debug|Any CPU.Build.0 = Debug|Any CPU
		{6FC606DA-868F-4D7B-B99C-E40805BE9F50}.Release|Any CPU.ActiveCfg = Release|Any CPU
		{6FC606DA-868F-4D7B-B99C-E40805BE9F50}.Release|Any CPU.Build.0 = Release|Any CPU
		{6A2BCCE9-0111-4EF5-A3BB-DD0FDCE73AD3}.Debug|Any CPU.ActiveCfg = Debug|Any CPU
		{6A2BCCE9-0111-4EF5-A3BB-DD0FDCE73AD3}.Debug|Any CPU.Build.0 = Debug|Any CPU
		{6A2BCCE9-0111-4EF5-A3BB-DD0FDCE73AD3}.Release|Any CPU.ActiveCfg = Release|Any CPU
		{6A2BCCE9-0111-4EF5-A3BB-DD0FDCE73AD3}.Release|Any CPU.Build.0 = Release|Any CPU
		{5C463021-AE59-443B-99B1-FF873A4E7C7D}.Debug|Any CPU.ActiveCfg = Debug|Any CPU
		{5C463021-AE59-443B-99B1-FF873A4E7C7D}.Debug|Any CPU.Build.0 = Debug|Any CPU
		{5C463021-AE59-443B-99B1-FF873A4E7C7D}.Release|Any CPU.ActiveCfg = Release|Any CPU
		{5C463021-AE59-443B-99B1-FF873A4E7C7D}.Release|Any CPU.Build.0 = Release|Any CPU
		{1C7262FC-C471-47A6-88FD-7F1D3D9C32B0}.Debug|Any CPU.ActiveCfg = Debug|Any CPU
		{1C7262FC-C471-47A6-88FD-7F1D3D9C32B0}.Debug|Any CPU.Build.0 = Debug|Any CPU
		{1C7262FC-C471-47A6-88FD-7F1D3D9C32B0}.Release|Any CPU.ActiveCfg = Release|Any CPU
		{1C7262FC-C471-47A6-88FD-7F1D3D9C32B0}.Release|Any CPU.Build.0 = Release|Any CPU
	EndGlobalSection
	GlobalSection(SolutionProperties) = preSolution
		HideSolutionNode = FALSE
	EndGlobalSection
	GlobalSection(ExtensibilityGlobals) = postSolution
		SolutionGuid = {0A4C8DE5-93D8-48EF-9B76-B5357B9908F9}
	EndGlobalSection
EndGlobal
